
Microsoft Visual Studio Solution File, Format Version 12.00
# Visual Studio 14
VisualStudioVersion = 14.0.24720.0
MinimumVisualStudioVersion = 10.0.40219.1
Project("{FAE04EC0-301F-11D3-BF4B-00C04F79EFBC}") = "CA1-s00160273", "CA1-s00160273\CA1-s00160273.csproj", "{12F137EF-203A-40A1-9345-FA7080D5ED37}"
EndProject
Global
	GlobalSection(SolutionConfigurationPlatforms) = preSolution
		Debug|Any CPU = Debug|Any CPU
		Release|Any CPU = Release|Any CPU
	EndGlobalSection
	GlobalSection(ProjectConfigurationPlatforms) = postSolution
		{12F137EF-203A-40A1-9345-FA7080D5ED37}.Debug|Any CPU.ActiveCfg = Debug|Any CPU
		{12F137EF-203A-40A1-9345-FA7080D5ED37}.Debug|Any CPU.Build.0 = Debug|Any CPU
		{12F137EF-203A-40A1-9345-FA7080D5ED37}.Release|Any CPU.ActiveCfg = Release|Any CPU
		{12F137EF-203A-40A1-9345-FA7080D5ED37}.Release|Any CPU.Build.0 = Release|Any CPU
	EndGlobalSection
	GlobalSection(SolutionProperties) = preSolution
		HideSolutionNode = FALSE
	EndGlobalSection
EndGlobal
